
Microsoft Visual Studio Solution File, Format Version 12.00
Project("{FAE04EC0-301F-11D3-BF4B-00C04F79EFBC}") = "LeetCode_94_binary_tree", "LeetCode_94_binary_tree\LeetCode_94_binary_tree.csproj", "{6356FE60-10E1-464F-AB74-81EB7C648A01}"
EndProject
Global
	GlobalSection(SolutionConfigurationPlatforms) = preSolution
		Debug|Any CPU = Debug|Any CPU
		Release|Any CPU = Release|Any CPU
	EndGlobalSection
	GlobalSection(ProjectConfigurationPlatforms) = postSolution
		{6356FE60-10E1-464F-AB74-81EB7C648A01}.Debug|Any CPU.ActiveCfg = Debug|Any CPU
		{6356FE60-10E1-464F-AB74-81EB7C648A01}.Debug|Any CPU.Build.0 = Debug|Any CPU
		{6356FE60-10E1-464F-AB74-81EB7C648A01}.Release|Any CPU.ActiveCfg = Release|Any CPU
		{6356FE60-10E1-464F-AB74-81EB7C648A01}.Release|Any CPU.Build.0 = Release|Any CPU
	EndGlobalSection
EndGlobal
